
Microsoft Visual Studio Solution File, Format Version 12.00
# Visual Studio Version 17
VisualStudioVersion = 17.10.35027.167
MinimumVisualStudioVersion = 10.0.40219.1
Project("{FAE04EC0-301F-11D3-BF4B-00C04F79EFBC}") = "Lab task 1", "Lab task 1\Lab task 1.csproj", "{E595AE88-5358-412B-8191-BCFAD601D756}"
EndProject
Global
	GlobalSection(SolutionConfigurationPlatforms) = preSolution
		Debug|Any CPU = Debug|Any CPU
		Release|Any CPU = Release|Any CPU
	EndGlobalSection
	GlobalSection(ProjectConfigurationPlatforms) = postSolution
		{E595AE88-5358-412B-8191-BCFAD601D756}.Debug|Any CPU.ActiveCfg = Debug|Any CPU
		{E595AE88-5358-412B-8191-BCFAD601D756}.Debug|Any CPU.Build.0 = Debug|Any CPU
		{E595AE88-5358-412B-8191-BCFAD601D756}.Release|Any CPU.ActiveCfg = Release|Any CPU
		{E595AE88-5358-412B-8191-BCFAD601D756}.Release|Any CPU.Build.0 = Release|Any CPU
	EndGlobalSection
	GlobalSection(SolutionProperties) = preSolution
		HideSolutionNode = FALSE
	EndGlobalSection
	GlobalSection(ExtensibilityGlobals) = postSolution
		SolutionGuid = {E31FC02C-B19F-479F-B191-D2ED1EBF766C}
	EndGlobalSection
EndGlobal
